
Microsoft Visual Studio Solution File, Format Version 12.00
# Visual Studio Version 17
VisualStudioVersion = 17.7.33808.371
MinimumVisualStudioVersion = 10.0.40219.1
Project("{2150E333-8FDC-42A3-9474-1A3956D46DE8}") = "build", "build", "{E64A6A3A-56CF-4C96-9637-69BB470E1171}"
EndProject
Project("{2150E333-8FDC-42A3-9474-1A3956D46DE8}") = "src", "src", "{3F5C2E7F-C337-43A4-BAF2-F3C16A5770D4}"
EndProject
Project("{9A19103F-16F7-4668-BE54-9A1E7A4F7556}") = "TwoApps.Tools.Build", "build\TwoApps.Tools.Build.csproj", "{53EFD884-7936-4A7F-B7CB-E3A3163FCA1B}"
EndProject
Project("{2150E333-8FDC-42A3-9474-1A3956D46DE8}") = "clients", "clients", "{A08300C0-3569-402E-96E9-0BA17049A5AE}"
EndProject
Project("{FAE04EC0-301F-11D3-BF4B-00C04F79EFBC}") = "TwoApps.Tools.ClientHost", "src\TwoApps.Tools.ClientHost\TwoApps.Tools.ClientHost.csproj", "{E51A6059-75BD-435B-9A41-97CB1BAA2C75}"
EndProject
Global
	GlobalSection(SolutionConfigurationPlatforms) = preSolution
		Debug|Any CPU = Debug|Any CPU
		Release|Any CPU = Release|Any CPU
	EndGlobalSection
	GlobalSection(ProjectConfigurationPlatforms) = postSolution
		{53EFD884-7936-4A7F-B7CB-E3A3163FCA1B}.Debug|Any CPU.ActiveCfg = Debug|Any CPU
		{53EFD884-7936-4A7F-B7CB-E3A3163FCA1B}.Release|Any CPU.ActiveCfg = Release|Any CPU
		{53EFD884-7936-4A7F-B7CB-E3A3163FCA1B}.Release|Any CPU.Build.0 = Release|Any CPU
		{E51A6059-75BD-435B-9A41-97CB1BAA2C75}.Debug|Any CPU.ActiveCfg = Debug|Any CPU
		{E51A6059-75BD-435B-9A41-97CB1BAA2C75}.Debug|Any CPU.Build.0 = Debug|Any CPU
		{E51A6059-75BD-435B-9A41-97CB1BAA2C75}.Release|Any CPU.ActiveCfg = Release|Any CPU
		{E51A6059-75BD-435B-9A41-97CB1BAA2C75}.Release|Any CPU.Build.0 = Release|Any CPU
	EndGlobalSection
	GlobalSection(SolutionProperties) = preSolution
		HideSolutionNode = FALSE
	EndGlobalSection
	GlobalSection(NestedProjects) = preSolution
		{53EFD884-7936-4A7F-B7CB-E3A3163FCA1B} = {E64A6A3A-56CF-4C96-9637-69BB470E1171}
		{A08300C0-3569-402E-96E9-0BA17049A5AE} = {3F5C2E7F-C337-43A4-BAF2-F3C16A5770D4}
		{E51A6059-75BD-435B-9A41-97CB1BAA2C75} = {A08300C0-3569-402E-96E9-0BA17049A5AE}
	EndGlobalSection
	GlobalSection(ExtensibilityGlobals) = postSolution
		SolutionGuid = {28DAFB9E-7750-4D55-951B-079FCC0E73C4}
	EndGlobalSection
EndGlobal
